
Microsoft Visual Studio Solution File, Format Version 12.00
# Visual Studio 15
VisualStudioVersion = 15.0.26124.0
MinimumVisualStudioVersion = 15.0.26124.0
Project("{2150E333-8FDC-42A3-9474-1A3956D46DE8}") = "src", "src", "{70264933-D4A9-4B7A-91D4-0C785518F587}"
EndProject
Project("{FAE04EC0-301F-11D3-BF4B-00C04F79EFBC}") = "Market.Api", "src\Market.Api\Market.Api.csproj", "{288249AA-84AA-41A7-88E9-F47A532098D6}"
EndProject
Project("{2150E333-8FDC-42A3-9474-1A3956D46DE8}") = "tests", "tests", "{23DA83C8-AE27-407F-BB2A-3771E792FDAD}"
EndProject
Project("{FAE04EC0-301F-11D3-BF4B-00C04F79EFBC}") = "Market.Test", "tests\Market.Test\Market.Test.csproj", "{D2495F5A-61F0-42AB-AA04-65EBADAA927A}"
EndProject
Global
	GlobalSection(SolutionConfigurationPlatforms) = preSolution
		Debug|Any CPU = Debug|Any CPU
		Debug|x64 = Debug|x64
		Debug|x86 = Debug|x86
		Release|Any CPU = Release|Any CPU
		Release|x64 = Release|x64
		Release|x86 = Release|x86
	EndGlobalSection
	GlobalSection(SolutionProperties) = preSolution
		HideSolutionNode = FALSE
	EndGlobalSection
	GlobalSection(ProjectConfigurationPlatforms) = postSolution
		{288249AA-84AA-41A7-88E9-F47A532098D6}.Debug|Any CPU.ActiveCfg = Debug|Any CPU
		{288249AA-84AA-41A7-88E9-F47A532098D6}.Debug|Any CPU.Build.0 = Debug|Any CPU
		{288249AA-84AA-41A7-88E9-F47A532098D6}.Debug|x64.ActiveCfg = Debug|Any CPU
		{288249AA-84AA-41A7-88E9-F47A532098D6}.Debug|x64.Build.0 = Debug|Any CPU
		{288249AA-84AA-41A7-88E9-F47A532098D6}.Debug|x86.ActiveCfg = Debug|Any CPU
		{288249AA-84AA-41A7-88E9-F47A532098D6}.Debug|x86.Build.0 = Debug|Any CPU
		{288249AA-84AA-41A7-88E9-F47A532098D6}.Release|Any CPU.ActiveCfg = Release|Any CPU
		{288249AA-84AA-41A7-88E9-F47A532098D6}.Release|Any CPU.Build.0 = Release|Any CPU
		{288249AA-84AA-41A7-88E9-F47A532098D6}.Release|x64.ActiveCfg = Release|Any CPU
		{288249AA-84AA-41A7-88E9-F47A532098D6}.Release|x64.Build.0 = Release|Any CPU
		{288249AA-84AA-41A7-88E9-F47A532098D6}.Release|x86.ActiveCfg = Release|Any CPU
		{288249AA-84AA-41A7-88E9-F47A532098D6}.Release|x86.Build.0 = Release|Any CPU
		{D2495F5A-61F0-42AB-AA04-65EBADAA927A}.Debug|Any CPU.ActiveCfg = Debug|Any CPU
		{D2495F5A-61F0-42AB-AA04-65EBADAA927A}.Debug|Any CPU.Build.0 = Debug|Any CPU
		{D2495F5A-61F0-42AB-AA04-65EBADAA927A}.Debug|x64.ActiveCfg = Debug|Any CPU
		{D2495F5A-61F0-42AB-AA04-65EBADAA927A}.Debug|x64.Build.0 = Debug|Any CPU
		{D2495F5A-61F0-42AB-AA04-65EBADAA927A}.Debug|x86.ActiveCfg = Debug|Any CPU
		{D2495F5A-61F0-42AB-AA04-65EBADAA927A}.Debug|x86.Build.0 = Debug|Any CPU
		{D2495F5A-61F0-42AB-AA04-65EBADAA927A}.Release|Any CPU.ActiveCfg = Release|Any CPU
		{D2495F5A-61F0-42AB-AA04-65EBADAA927A}.Release|Any CPU.Build.0 = Release|Any CPU
		{D2495F5A-61F0-42AB-AA04-65EBADAA927A}.Release|x64.ActiveCfg = Release|Any CPU
		{D2495F5A-61F0-42AB-AA04-65EBADAA927A}.Release|x64.Build.0 = Release|Any CPU
		{D2495F5A-61F0-42AB-AA04-65EBADAA927A}.Release|x86.ActiveCfg = Release|Any CPU
		{D2495F5A-61F0-42AB-AA04-65EBADAA927A}.Release|x86.Build.0 = Release|Any CPU
	EndGlobalSection
	GlobalSection(NestedProjects) = preSolution
		{288249AA-84AA-41A7-88E9-F47A532098D6} = {70264933-D4A9-4B7A-91D4-0C785518F587}
		{D2495F5A-61F0-42AB-AA04-65EBADAA927A} = {23DA83C8-AE27-407F-BB2A-3771E792FDAD}
	EndGlobalSection
EndGlobal
